// !$*UTF8*$!
{
	archiveVersion = 1;
	classes = {
	};
	objectVersion = 46;
	objects = {

/* Begin PBXBuildFile section */
		FBB283641C3053060033FBD8 /* AppDelegate.swift in Sources */ = {isa = PBXBuildFile; fileRef = FBB283631C3053060033FBD8 /* AppDelegate.swift */; };
		FBB283661C3053060033FBD8 /* HomeVC.swift in Sources */ = {isa = PBXBuildFile; fileRef = FBB283651C3053060033FBD8 /* HomeVC.swift */; };
		FBB2836B1C3053060033FBD8 /* Assets.xcassets in Resources */ = {isa = PBXBuildFile; fileRef = FBB2836A1C3053060033FBD8 /* Assets.xcassets */; };
		FBB2836E1C3053060033FBD8 /* LaunchScreen.storyboard in Resources */ = {isa = PBXBuildFile; fileRef = FBB2836C1C3053060033FBD8 /* LaunchScreen.storyboard */; };
		FBB283761C3053770033FBD8 /* HomeVC.xib in Resources */ = {isa = PBXBuildFile; fileRef = FBB283751C3053770033FBD8 /* HomeVC.xib */; };
		FBB2837B1C3055FA0033FBD8 /* ExerciseManager.swift in Sources */ = {isa = PBXBuildFile; fileRef = FBB2837A1C3055FA0033FBD8 /* ExerciseManager.swift */; };
		FBB2837D1C3057EA0033FBD8 /* Exercise.swift in Sources */ = {isa = PBXBuildFile; fileRef = FBB2837C1C3057EA0033FBD8 /* Exercise.swift */; };
		FBB7AFC21C30AB2B008AC8B6 /* Category.swift in Sources */ = {isa = PBXBuildFile; fileRef = FBB7AFC11C30AB2B008AC8B6 /* Category.swift */; };
		FBB7AFC41C30B292008AC8B6 /* Extentsions.swift in Sources */ = {isa = PBXBuildFile; fileRef = FBB7AFC31C30B292008AC8B6 /* Extentsions.swift */; };
/* End PBXBuildFile section */

/* Begin PBXFileReference section */
		FBB283601C3053060033FBD8 /* alphabet-fitness.app */ = {isa = PBXFileReference; explicitFileType = wrapper.application; includeInIndex = 0; path = "alphabet-fitness.app"; sourceTree = BUILT_PRODUCTS_DIR; };
		FBB283631C3053060033FBD8 /* AppDelegate.swift */ = {isa = PBXFileReference; lastKnownFileType = sourcecode.swift; path = AppDelegate.swift; sourceTree = "<group>"; };
		FBB283651C3053060033FBD8 /* HomeVC.swift */ = {isa = PBXFileReference; lastKnownFileType = sourcecode.swift; path = HomeVC.swift; sourceTree = "<group>"; };
		FBB2836A1C3053060033FBD8 /* Assets.xcassets */ = {isa = PBXFileReference; lastKnownFileType = folder.assetcatalog; path = Assets.xcassets; sourceTree = "<group>"; };
		FBB2836D1C3053060033FBD8 /* Base */ = {isa = PBXFileReference; lastKnownFileType = file.storyboard; name = Base; path = Base.lproj/LaunchScreen.storyboard; sourceTree = "<group>"; };
		FBB2836F1C3053060033FBD8 /* Info.plist */ = {isa = PBXFileReference; lastKnownFileType = text.plist.xml; path = Info.plist; sourceTree = "<group>"; };
		FBB283751C3053770033FBD8 /* HomeVC.xib */ = {isa = PBXFileReference; fileEncoding = 4; lastKnownFileType = file.xib; path = HomeVC.xib; sourceTree = "<group>"; };
		FBB2837A1C3055FA0033FBD8 /* ExerciseManager.swift */ = {isa = PBXFileReference; fileEncoding = 4; lastKnownFileType = sourcecode.swift; path = ExerciseManager.swift; sourceTree = "<group>"; };
		FBB2837C1C3057EA0033FBD8 /* Exercise.swift */ = {isa = PBXFileReference; fileEncoding = 4; lastKnownFileType = sourcecode.swift; path = Exercise.swift; sourceTree = "<group>"; };
		FBB7AFC11C30AB2B008AC8B6 /* Category.swift */ = {isa = PBXFileReference; fileEncoding = 4; lastKnownFileType = sourcecode.swift; path = Category.swift; sourceTree = "<group>"; };
		FBB7AFC31C30B292008AC8B6 /* Extentsions.swift */ = {isa = PBXFileReference; fileEncoding = 4; lastKnownFileType = sourcecode.swift; path = Extentsions.swift; sourceTree = "<group>"; };
/* End PBXFileReference section */

/* Begin PBXFrameworksBuildPhase section */
		FBB2835D1C3053060033FBD8 /* Frameworks */ = {
			isa = PBXFrameworksBuildPhase;
			buildActionMask = 2147483647;
			files = (
			);
			runOnlyForDeploymentPostprocessing = 0;
		};
/* End PBXFrameworksBuildPhase section */

/* Begin PBXGroup section */
		FBB283571C3053060033FBD8 = {
			isa = PBXGroup;
			children = (
				FBB283621C3053060033FBD8 /* alphabet-fitness */,
				FBB283611C3053060033FBD8 /* Products */,
			);
			sourceTree = "<group>";
		};
		FBB283611C3053060033FBD8 /* Products */ = {
			isa = PBXGroup;
			children = (
				FBB283601C3053060033FBD8 /* alphabet-fitness.app */,
			);
			name = Products;
			sourceTree = "<group>";
		};
		FBB283621C3053060033FBD8 /* alphabet-fitness */ = {
			isa = PBXGroup;
			children = (
				FBB2837E1C3060B90033FBD8 /* Services */,
				FBB283781C3053810033FBD8 /* Model */,
				FBB283771C30537D0033FBD8 /* View */,
				FBB283791C3053890033FBD8 /* Controller */,
				FBB283631C3053060033FBD8 /* AppDelegate.swift */,
				FBB2836A1C3053060033FBD8 /* Assets.xcassets */,
				FBB2836C1C3053060033FBD8 /* LaunchScreen.storyboard */,
				FBB2836F1C3053060033FBD8 /* Info.plist */,
			);
			path = "alphabet-fitness";
			sourceTree = "<group>";
		};
		FBB283771C30537D0033FBD8 /* View */ = {
			isa = PBXGroup;
			children = (
				FBB283751C3053770033FBD8 /* HomeVC.xib */,
			);
			name = View;
			sourceTree = "<group>";
		};
		FBB283781C3053810033FBD8 /* Model */ = {
			isa = PBXGroup;
			children = (
				FBB7AFC11C30AB2B008AC8B6 /* Category.swift */,
				FBB2837C1C3057EA0033FBD8 /* Exercise.swift */,
			);
			name = Model;
			sourceTree = "<group>";
		};
		FBB283791C3053890033FBD8 /* Controller */ = {
			isa = PBXGroup;
			children = (
				FBB283651C3053060033FBD8 /* HomeVC.swift */,
			);
			name = Controller;
			sourceTree = "<group>";
		};
		FBB2837E1C3060B90033FBD8 /* Services */ = {
			isa = PBXGroup;
			children = (
				FBB2837A1C3055FA0033FBD8 /* ExerciseManager.swift */,
				FBB7AFC31C30B292008AC8B6 /* Extentsions.swift */,
			);
			name = Services;
			sourceTree = "<group>";
		};
/* End PBXGroup section */

/* Begin PBXNativeTarget section */
		FBB2835F1C3053060033FBD8 /* alphabet-fitness */ = {
			isa = PBXNativeTarget;
			buildConfigurationList = FBB283721C3053060033FBD8 /* Build configuration list for PBXNativeTarget "alphabet-fitness" */;
			buildPhases = (
				FBB2835C1C3053060033FBD8 /* Sources */,
				FBB2835D1C3053060033FBD8 /* Frameworks */,
				FBB2835E1C3053060033FBD8 /* Resources */,
			);
			buildRules = (
			);
			dependencies = (
			);
			name = "alphabet-fitness";
			productName = "alphabet-fitness";
			productReference = FBB283601C3053060033FBD8 /* alphabet-fitness.app */;
			productType = "com.apple.product-type.application";
		};
/* End PBXNativeTarget section */

/* Begin PBXProject section */
		FBB283581C3053060033FBD8 /* Project object */ = {
			isa = PBXProject;
			attributes = {
				LastSwiftUpdateCheck = 0720;
				LastUpgradeCheck = 0720;
				ORGANIZATIONNAME = T3D;
				TargetAttributes = {
					FBB2835F1C3053060033FBD8 = {
						CreatedOnToolsVersion = 7.2;
					};
				};
			};
			buildConfigurationList = FBB2835B1C3053060033FBD8 /* Build configuration list for PBXProject "alphabet-fitness" */;
			compatibilityVersion = "Xcode 3.2";
			developmentRegion = English;
			hasScannedForEncodings = 0;
			knownRegions = (
				en,
				Base,
			);
			mainGroup = FBB283571C3053060033FBD8;
			productRefGroup = FBB283611C3053060033FBD8 /* Products */;
			projectDirPath = "";
			projectRoot = "";
			targets = (
				FBB2835F1C3053060033FBD8 /* alphabet-fitness */,
			);
		};
/* End PBXProject section */

/* Begin PBXResourcesBuildPhase section */
		FBB2835E1C3053060033FBD8 /* Resources */ = {
			isa = PBXResourcesBuildPhase;
			buildActionMask = 2147483647;
			files = (
				FBB2836E1C3053060033FBD8 /* LaunchScreen.storyboard in Resources */,
				FBB283761C3053770033FBD8 /* HomeVC.xib in Resources */,
				FBB2836B1C3053060033FBD8 /* Assets.xcassets in Resources */,
			);
			runOnlyForDeploymentPostprocessing = 0;
		};
/* End PBXResourcesBuildPhase section */

/* Begin PBXSourcesBuildPhase section */
		FBB2835C1C3053060033FBD8 /* Sources */ = {
			isa = PBXSourcesBuildPhase;
			buildActionMask = 2147483647;
			files = (
				FBB2837B1C3055FA0033FBD8 /* ExerciseManager.swift in Sources */,
				FBB7AFC41C30B292008AC8B6 /* Extentsions.swift in Sources */,
				FBB7AFC21C30AB2B008AC8B6 /* Category.swift in Sources */,
				FBB2837D1C3057EA0033FBD8 /* Exercise.swift in Sources */,
				FBB283661C3053060033FBD8 /* HomeVC.swift in Sources */,
				FBB283641C3053060033FBD8 /* AppDelegate.swift in Sources */,
			);
			runOnlyForDeploymentPostprocessing = 0;
		};
/* End PBXSourcesBuildPhase section */

/* Begin PBXVariantGroup section */
		FBB2836C1C3053060033FBD8 /* LaunchScreen.storyboard */ = {
			isa = PBXVariantGroup;
			children = (
				FBB2836D1C3053060033FBD8 /* Base */,
			);
			name = LaunchScreen.storyboard;
			sourceTree = "<group>";
		};
/* End PBXVariantGroup section */

/* Begin XCBuildConfiguration section */
		FBB283701C3053060033FBD8 /* Debug */ = {
			isa = XCBuildConfiguration;
			buildSettings = {
				ALWAYS_SEARCH_USER_PATHS = NO;
				CLANG_CXX_LANGUAGE_STANDARD = "gnu++0x";
				CLANG_CXX_LIBRARY = "libc++";
				CLANG_ENABLE_MODULES = YES;
				CLANG_ENABLE_OBJC_ARC = YES;
				CLANG_WARN_BOOL_CONVERSION = YES;
				CLANG_WARN_CONSTANT_CONVERSION = YES;
				CLANG_WARN_DIRECT_OBJC_ISA_USAGE = YES_ERROR;
				CLANG_WARN_EMPTY_BODY = YES;
				CLANG_WARN_ENUM_CONVERSION = YES;
				CLANG_WARN_INT_CONVERSION = YES;
				CLANG_WARN_OBJC_ROOT_CLASS = YES_ERROR;
				CLANG_WARN_UNREACHABLE_CODE = YES;
				CLANG_WARN__DUPLICATE_METHOD_MATCH = YES;
				"CODE_SIGN_IDENTITY[sdk=iphoneos*]" = "iPhone Developer";
				COPY_PHASE_STRIP = NO;
				DEBUG_INFORMATION_FORMAT = dwarf;
				ENABLE_STRICT_OBJC_MSGSEND = YES;
				ENABLE_TESTABILITY = YES;
				GCC_C_LANGUAGE_STANDARD = gnu99;
				GCC_DYNAMIC_NO_PIC = NO;
				GCC_NO_COMMON_BLOCKS = YES;
				GCC_OPTIMIZATION_LEVEL = 0;
				GCC_PREPROCESSOR_DEFINITIONS = (
					"DEBUG=1",
					"$(inherited)",
				);
				GCC_WARN_64_TO_32_BIT_CONVERSION = YES;
				GCC_WARN_ABOUT_RETURN_TYPE = YES_ERROR;
				GCC_WARN_UNDECLARED_SELECTOR = YES;
				GCC_WARN_UNINITIALIZED_AUTOS = YES_AGGRESSIVE;
				GCC_WARN_UNUSED_FUNCTION = YES;
				GCC_WARN_UNUSED_VARIABLE = YES;
				IPHONEOS_DEPLOYMENT_TARGET = 9.2;
				MTL_ENABLE_DEBUG_INFO = YES;
				ONLY_ACTIVE_ARCH = YES;
				SDKROOT = iphoneos;
				SWIFT_OPTIMIZATION_LEVEL = "-Onone";
				TARGETED_DEVICE_FAMILY = "1,2";
			};
			name = Debug;
		};
		FBB283711C3053060033FBD8 /* Release */ = {
			isa = XCBuildConfiguration;
			buildSettings = {
				ALWAYS_SEARCH_USER_PATHS = NO;
				CLANG_CXX_LANGUAGE_STANDARD = "gnu++0x";
				CLANG_CXX_LIBRARY = "libc++";
				CLANG_ENABLE_MODULES = YES;
				CLANG_ENABLE_OBJC_ARC = YES;
				CLANG_WARN_BOOL_CONVERSION = YES;
				CLANG_WARN_CONSTANT_CONVERSION = YES;
				CLANG_WARN_DIRECT_OBJC_ISA_USAGE = YES_ERROR;
				CLANG_WARN_EMPTY_BODY = YES;
				CLANG_WARN_ENUM_CONVERSION = YES;
				CLANG_WARN_INT_CONVERSION = YES;
				CLANG_WARN_OBJC_ROOT_CLASS = YES_ERROR;
				CLANG_WARN_UNREACHABLE_CODE = YES;
				CLANG_WARN__DUPLICATE_METHOD_MATCH = YES;
				"CODE_SIGN_IDENTITY[sdk=iphoneos*]" = "iPhone Developer";
				COPY_PHASE_STRIP = NO;
				DEBUG_INFORMATION_FORMAT = "dwarf-with-dsym";
				ENABLE_NS_ASSERTIONS = NO;
				ENABLE_STRICT_OBJC_MSGSEND = YES;
				GCC_C_LANGUAGE_STANDARD = gnu99;
				GCC_NO_COMMON_BLOCKS = YES;
				GCC_WARN_64_TO_32_BIT_CONVERSION = YES;
				GCC_WARN_ABOUT_RETURN_TYPE = YES_ERROR;
				GCC_WARN_UNDECLARED_SELECTOR = YES;
				GCC_WARN_UNINITIALIZED_AUTOS = YES_AGGRESSIVE;
				GCC_WARN_UNUSED_FUNCTION = YES;
				GCC_WARN_UNUSED_VARIABLE = YES;
				IPHONEOS_DEPLOYMENT_TARGET = 9.2;
				MTL_ENABLE_DEBUG_INFO = NO;
				SDKROOT = iphoneos;
				TARGETED_DEVICE_FAMILY = "1,2";
				VALIDATE_PRODUCT = YES;
			};
			name = Release;
		};
		FBB283731C3053060033FBD8 /* Debug */ = {
			isa = XCBuildConfiguration;
			buildSettings = {
				ASSETCATALOG_COMPILER_APPICON_NAME = AppIcon;
				INFOPLIST_FILE = "alphabet-fitness/Info.plist";
				LD_RUNPATH_SEARCH_PATHS = "$(inherited) @executable_path/Frameworks";
				PRODUCT_BUNDLE_IDENTIFIER = "com.t3dhq.alphabet-fitness";
				PRODUCT_NAME = "$(TARGET_NAME)";
			};
			name = Debug;
		};
		FBB283741C3053060033FBD8 /* Release */ = {
			isa = XCBuildConfiguration;
			buildSettings = {
				ASSETCATALOG_COMPILER_APPICON_NAME = AppIcon;
				INFOPLIST_FILE = "alphabet-fitness/Info.plist";
				LD_RUNPATH_SEARCH_PATHS = "$(inherited) @executable_path/Frameworks";
				PRODUCT_BUNDLE_IDENTIFIER = "com.t3dhq.alphabet-fitness";
				PRODUCT_NAME = "$(TARGET_NAME)";
			};
			name = Release;
		};
/* End XCBuildConfiguration section */

/* Begin XCConfigurationList section */
		FBB2835B1C3053060033FBD8 /* Build configuration list for PBXProject "alphabet-fitness" */ = {
			isa = XCConfigurationList;
			buildConfigurations = (
				FBB283701C3053060033FBD8 /* Debug */,
				FBB283711C3053060033FBD8 /* Release */,
			);
			defaultConfigurationIsVisible = 0;
			defaultConfigurationName = Release;
		};
		FBB283721C3053060033FBD8 /* Build configuration list for PBXNativeTarget "alphabet-fitness" */ = {
			isa = XCConfigurationList;
			buildConfigurations = (
				FBB283731C3053060033FBD8 /* Debug */,
				FBB283741C3053060033FBD8 /* Release */,
			);
			defaultConfigurationIsVisible = 0;
			defaultConfigurationName = Release;
		};
/* End XCConfigurationList section */
	};
	rootObject = FBB283581C3053060033FBD8 /* Project object */;
}
